
Microsoft Visual Studio Solution File, Format Version 12.00
# Visual Studio Version 17
VisualStudioVersion = 17.6.33801.468
MinimumVisualStudioVersion = 10.0.40219.1
Project("{8BC9CEB8-8B4A-11D0-8D11-00A0C91BC942}") = "ioFile", "ioFile\ioFile.vcxproj", "{4F2C67B8-373D-4242-BCB0-FB161C31B4C8}"
EndProject
Project("{8BC9CEB8-8B4A-11D0-8D11-00A0C91BC942}") = "ioFileWithPatch", "ioFileWithPatch\ioFileWithPatch.vcxproj", "{39A4B3B4-FDF9-4863-AF58-0ADDE916155F}"
EndProject
Project("{8BC9CEB8-8B4A-11D0-8D11-00A0C91BC942}") = "manualExeption", "manualExeption\manualExeption.vcxproj", "{F9529105-B9B6-4B65-9979-F461695AE05A}"
EndProject
Project("{8BC9CEB8-8B4A-11D0-8D11-00A0C91BC942}") = "manualexceptionStandard", "manualexceptionStandard\manualexceptionStandard.vcxproj", "{219C9D08-27EC-4733-BD15-B271550D932D}"
EndProject
Global
	GlobalSection(SolutionConfigurationPlatforms) = preSolution
		Debug|x64 = Debug|x64
		Debug|x86 = Debug|x86
		Release|x64 = Release|x64
		Release|x86 = Release|x86
	EndGlobalSection
	GlobalSection(ProjectConfigurationPlatforms) = postSolution
		{4F2C67B8-373D-4242-BCB0-FB161C31B4C8}.Debug|x64.ActiveCfg = Debug|x64
		{4F2C67B8-373D-4242-BCB0-FB161C31B4C8}.Debug|x64.Build.0 = Debug|x64
		{4F2C67B8-373D-4242-BCB0-FB161C31B4C8}.Debug|x86.ActiveCfg = Debug|Win32
		{4F2C67B8-373D-4242-BCB0-FB161C31B4C8}.Debug|x86.Build.0 = Debug|Win32
		{4F2C67B8-373D-4242-BCB0-FB161C31B4C8}.Release|x64.ActiveCfg = Release|x64
		{4F2C67B8-373D-4242-BCB0-FB161C31B4C8}.Release|x64.Build.0 = Release|x64
		{4F2C67B8-373D-4242-BCB0-FB161C31B4C8}.Release|x86.ActiveCfg = Release|Win32
		{4F2C67B8-373D-4242-BCB0-FB161C31B4C8}.Release|x86.Build.0 = Release|Win32
		{39A4B3B4-FDF9-4863-AF58-0ADDE916155F}.Debug|x64.ActiveCfg = Debug|x64
		{39A4B3B4-FDF9-4863-AF58-0ADDE916155F}.Debug|x64.Build.0 = Debug|x64
		{39A4B3B4-FDF9-4863-AF58-0ADDE916155F}.Debug|x86.ActiveCfg = Debug|Win32
		{39A4B3B4-FDF9-4863-AF58-0ADDE916155F}.Debug|x86.Build.0 = Debug|Win32
		{39A4B3B4-FDF9-4863-AF58-0ADDE916155F}.Release|x64.ActiveCfg = Release|x64
		{39A4B3B4-FDF9-4863-AF58-0ADDE916155F}.Release|x64.Build.0 = Release|x64
		{39A4B3B4-FDF9-4863-AF58-0ADDE916155F}.Release|x86.ActiveCfg = Release|Win32
		{39A4B3B4-FDF9-4863-AF58-0ADDE916155F}.Release|x86.Build.0 = Release|Win32
		{F9529105-B9B6-4B65-9979-F461695AE05A}.Debug|x64.ActiveCfg = Debug|x64
		{F9529105-B9B6-4B65-9979-F461695AE05A}.Debug|x64.Build.0 = Debug|x64
		{F9529105-B9B6-4B65-9979-F461695AE05A}.Debug|x86.ActiveCfg = Debug|Win32
		{F9529105-B9B6-4B65-9979-F461695AE05A}.Debug|x86.Build.0 = Debug|Win32
		{F9529105-B9B6-4B65-9979-F461695AE05A}.Release|x64.ActiveCfg = Release|x64
		{F9529105-B9B6-4B65-9979-F461695AE05A}.Release|x64.Build.0 = Release|x64
		{F9529105-B9B6-4B65-9979-F461695AE05A}.Release|x86.ActiveCfg = Release|Win32
		{F9529105-B9B6-4B65-9979-F461695AE05A}.Release|x86.Build.0 = Release|Win32
		{219C9D08-27EC-4733-BD15-B271550D932D}.Debug|x64.ActiveCfg = Debug|x64
		{219C9D08-27EC-4733-BD15-B271550D932D}.Debug|x64.Build.0 = Debug|x64
		{219C9D08-27EC-4733-BD15-B271550D932D}.Debug|x86.ActiveCfg = Debug|Win32
		{219C9D08-27EC-4733-BD15-B271550D932D}.Debug|x86.Build.0 = Debug|Win32
		{219C9D08-27EC-4733-BD15-B271550D932D}.Release|x64.ActiveCfg = Release|x64
		{219C9D08-27EC-4733-BD15-B271550D932D}.Release|x64.Build.0 = Release|x64
		{219C9D08-27EC-4733-BD15-B271550D932D}.Release|x86.ActiveCfg = Release|Win32
		{219C9D08-27EC-4733-BD15-B271550D932D}.Release|x86.Build.0 = Release|Win32
	EndGlobalSection
	GlobalSection(SolutionProperties) = preSolution
		HideSolutionNode = FALSE
	EndGlobalSection
	GlobalSection(ExtensibilityGlobals) = postSolution
		SolutionGuid = {B9E7382C-4F1F-4A25-B5AD-08E6C89A3468}
	EndGlobalSection
EndGlobal
